
Microsoft Visual Studio Solution File, Format Version 12.00
# Visual Studio 15
VisualStudioVersion = 15.0.28307.2092
MinimumVisualStudioVersion = 10.0.40219.1
Project("{FAE04EC0-301F-11D3-BF4B-00C04F79EFBC}") = "SolvingGroundApp", "SolvingGroundApp\SolvingGroundApp.csproj", "{CD667F1D-A601-4FA4-9459-F0419A79B992}"
EndProject
Global
	GlobalSection(SolutionConfigurationPlatforms) = preSolution
		Debug|Any CPU = Debug|Any CPU
		Release|Any CPU = Release|Any CPU
	EndGlobalSection
	GlobalSection(ProjectConfigurationPlatforms) = postSolution
		{CD667F1D-A601-4FA4-9459-F0419A79B992}.Debug|Any CPU.ActiveCfg = Debug|Any CPU
		{CD667F1D-A601-4FA4-9459-F0419A79B992}.Debug|Any CPU.Build.0 = Debug|Any CPU
		{CD667F1D-A601-4FA4-9459-F0419A79B992}.Release|Any CPU.ActiveCfg = Release|Any CPU
		{CD667F1D-A601-4FA4-9459-F0419A79B992}.Release|Any CPU.Build.0 = Release|Any CPU
	EndGlobalSection
	GlobalSection(SolutionProperties) = preSolution
		HideSolutionNode = FALSE
	EndGlobalSection
	GlobalSection(ExtensibilityGlobals) = postSolution
		SolutionGuid = {15D8D018-9ABE-4864-8237-2EF712087102}
	EndGlobalSection
EndGlobal
